
Microsoft Visual Studio Solution File, Format Version 12.00
# Visual Studio 15
VisualStudioVersion = 15.0.27130.2010
MinimumVisualStudioVersion = 10.0.40219.1
Project("{FAE04EC0-301F-11D3-BF4B-00C04F79EFBC}") = "WeaponsClassLibrary", "WeaponsClassLibrary\WeaponsClassLibrary.csproj", "{C3626B0C-125F-4ED1-83C3-0A87D8869168}"
EndProject
Project("{FAE04EC0-301F-11D3-BF4B-00C04F79EFBC}") = "PlayerClassLibrary", "..\..\PlayerClassLibrary\PlayerClassLibrary\PlayerClassLibrary.csproj", "{B4A6BB80-F6FB-4B94-A0C4-D8B940FC996B}"
EndProject
Project("{FAE04EC0-301F-11D3-BF4B-00C04F79EFBC}") = "RPG", "..\..\RPG\RPG\RPG.csproj", "{02E8CB9A-F0D0-4FB9-A752-7BB11474CEF1}"
EndProject
Global
	GlobalSection(SolutionConfigurationPlatforms) = preSolution
		Debug|Any CPU = Debug|Any CPU
		Release|Any CPU = Release|Any CPU
	EndGlobalSection
	GlobalSection(ProjectConfigurationPlatforms) = postSolution
		{C3626B0C-125F-4ED1-83C3-0A87D8869168}.Debug|Any CPU.ActiveCfg = Debug|Any CPU
		{C3626B0C-125F-4ED1-83C3-0A87D8869168}.Debug|Any CPU.Build.0 = Debug|Any CPU
		{C3626B0C-125F-4ED1-83C3-0A87D8869168}.Release|Any CPU.ActiveCfg = Release|Any CPU
		{C3626B0C-125F-4ED1-83C3-0A87D8869168}.Release|Any CPU.Build.0 = Release|Any CPU
		{B4A6BB80-F6FB-4B94-A0C4-D8B940FC996B}.Debug|Any CPU.ActiveCfg = Debug|Any CPU
		{B4A6BB80-F6FB-4B94-A0C4-D8B940FC996B}.Debug|Any CPU.Build.0 = Debug|Any CPU
		{B4A6BB80-F6FB-4B94-A0C4-D8B940FC996B}.Release|Any CPU.ActiveCfg = Release|Any CPU
		{B4A6BB80-F6FB-4B94-A0C4-D8B940FC996B}.Release|Any CPU.Build.0 = Release|Any CPU
		{02E8CB9A-F0D0-4FB9-A752-7BB11474CEF1}.Debug|Any CPU.ActiveCfg = Debug|Any CPU
		{02E8CB9A-F0D0-4FB9-A752-7BB11474CEF1}.Debug|Any CPU.Build.0 = Debug|Any CPU
		{02E8CB9A-F0D0-4FB9-A752-7BB11474CEF1}.Release|Any CPU.ActiveCfg = Release|Any CPU
		{02E8CB9A-F0D0-4FB9-A752-7BB11474CEF1}.Release|Any CPU.Build.0 = Release|Any CPU
	EndGlobalSection
	GlobalSection(SolutionProperties) = preSolution
		HideSolutionNode = FALSE
	EndGlobalSection
	GlobalSection(ExtensibilityGlobals) = postSolution
		SolutionGuid = {552669A7-47A4-4686-B8D1-05750DE34491}
	EndGlobalSection
EndGlobal
